
Microsoft Visual Studio Solution File, Format Version 12.00
# Visual Studio Version 17
VisualStudioVersion = 17.2.32526.322
MinimumVisualStudioVersion = 10.0.40219.1
Project("{9A19103F-16F7-4668-BE54-9A1E7A4F7556}") = "Entities", "Entities\Entities.csproj", "{318E42CF-8BDE-4850-8956-7E83A1675224}"
EndProject
Project("{9A19103F-16F7-4668-BE54-9A1E7A4F7556}") = "DataAccess", "DataAccess\DataAccess.csproj", "{9303CC81-94E9-42D0-87D8-453F076AFA7D}"
EndProject
Project("{9A19103F-16F7-4668-BE54-9A1E7A4F7556}") = "Business", "Business\Business.csproj", "{3FBACE4C-4EAF-49AF-BB19-0D0D21142435}"
EndProject
Project("{9A19103F-16F7-4668-BE54-9A1E7A4F7556}") = "ConsoleUI", "ConsoleUI\ConsoleUI.csproj", "{6E25122C-C222-4F5A-AB69-6A02DF3529DE}"
EndProject
Project("{FAE04EC0-301F-11D3-BF4B-00C04F79EFBC}") = "Core", "Core\Core.csproj", "{8C4E8A57-3207-4578-B3E4-2F6AA0D00CA8}"
EndProject
Global
	GlobalSection(SolutionConfigurationPlatforms) = preSolution
		Debug|Any CPU = Debug|Any CPU
		Release|Any CPU = Release|Any CPU
	EndGlobalSection
	GlobalSection(ProjectConfigurationPlatforms) = postSolution
		{318E42CF-8BDE-4850-8956-7E83A1675224}.Debug|Any CPU.ActiveCfg = Debug|Any CPU
		{318E42CF-8BDE-4850-8956-7E83A1675224}.Debug|Any CPU.Build.0 = Debug|Any CPU
		{318E42CF-8BDE-4850-8956-7E83A1675224}.Release|Any CPU.ActiveCfg = Release|Any CPU
		{318E42CF-8BDE-4850-8956-7E83A1675224}.Release|Any CPU.Build.0 = Release|Any CPU
		{9303CC81-94E9-42D0-87D8-453F076AFA7D}.Debug|Any CPU.ActiveCfg = Debug|Any CPU
		{9303CC81-94E9-42D0-87D8-453F076AFA7D}.Debug|Any CPU.Build.0 = Debug|Any CPU
		{9303CC81-94E9-42D0-87D8-453F076AFA7D}.Release|Any CPU.ActiveCfg = Release|Any CPU
		{9303CC81-94E9-42D0-87D8-453F076AFA7D}.Release|Any CPU.Build.0 = Release|Any CPU
		{3FBACE4C-4EAF-49AF-BB19-0D0D21142435}.Debug|Any CPU.ActiveCfg = Debug|Any CPU
		{3FBACE4C-4EAF-49AF-BB19-0D0D21142435}.Debug|Any CPU.Build.0 = Debug|Any CPU
		{3FBACE4C-4EAF-49AF-BB19-0D0D21142435}.Release|Any CPU.ActiveCfg = Release|Any CPU
		{3FBACE4C-4EAF-49AF-BB19-0D0D21142435}.Release|Any CPU.Build.0 = Release|Any CPU
		{6E25122C-C222-4F5A-AB69-6A02DF3529DE}.Debug|Any CPU.ActiveCfg = Debug|Any CPU
		{6E25122C-C222-4F5A-AB69-6A02DF3529DE}.Debug|Any CPU.Build.0 = Debug|Any CPU
		{6E25122C-C222-4F5A-AB69-6A02DF3529DE}.Release|Any CPU.ActiveCfg = Release|Any CPU
		{6E25122C-C222-4F5A-AB69-6A02DF3529DE}.Release|Any CPU.Build.0 = Release|Any CPU
		{8C4E8A57-3207-4578-B3E4-2F6AA0D00CA8}.Debug|Any CPU.ActiveCfg = Debug|Any CPU
		{8C4E8A57-3207-4578-B3E4-2F6AA0D00CA8}.Debug|Any CPU.Build.0 = Debug|Any CPU
		{8C4E8A57-3207-4578-B3E4-2F6AA0D00CA8}.Release|Any CPU.ActiveCfg = Release|Any CPU
		{8C4E8A57-3207-4578-B3E4-2F6AA0D00CA8}.Release|Any CPU.Build.0 = Release|Any CPU
	EndGlobalSection
	GlobalSection(SolutionProperties) = preSolution
		HideSolutionNode = FALSE
	EndGlobalSection
	GlobalSection(ExtensibilityGlobals) = postSolution
		SolutionGuid = {C1AEBA8F-9037-499B-9EE6-E21DF7D9313A}
	EndGlobalSection
EndGlobal
